
Microsoft Visual Studio Solution File, Format Version 12.00
# Visual Studio Version 17
VisualStudioVersion = 17.0.31903.59
MinimumVisualStudioVersion = 10.0.40219.1
Project("{FAE04EC0-301F-11D3-BF4B-00C04F79EFBC}") = "ControleFinanceiro.Domain", "ControleFinanceiro.Domain\ControleFinanceiro.Domain.csproj", "{77691830-D7DC-476A-AABA-39AA159F0936}"
EndProject
Project("{FAE04EC0-301F-11D3-BF4B-00C04F79EFBC}") = "ControleFinanceiro.Application", "ControleFinanceiro.Application\ControleFinanceiro.Application.csproj", "{4BFAC0BC-8DE6-4126-AA15-5A28CFEEC780}"
EndProject
Project("{FAE04EC0-301F-11D3-BF4B-00C04F79EFBC}") = "ControleFinanceiro.Infrastructure", "ControleFinanceiro.Infrastructure\ControleFinanceiro.Infrastructure.csproj", "{239B6F68-8EDE-4FD8-9959-7971B67C1CE6}"
EndProject
Project("{FAE04EC0-301F-11D3-BF4B-00C04F79EFBC}") = "ControleFinanceiro.Presentation", "ControleFinanceiro.Presentation\ControleFinanceiro.Presentation.csproj", "{50393269-5303-4B00-8065-CDD1632FB34F}"
EndProject
Global
	GlobalSection(SolutionConfigurationPlatforms) = preSolution
		Debug|Any CPU = Debug|Any CPU
		Debug|x64 = Debug|x64
		Debug|x86 = Debug|x86
		Release|Any CPU = Release|Any CPU
		Release|x64 = Release|x64
		Release|x86 = Release|x86
	EndGlobalSection
	GlobalSection(ProjectConfigurationPlatforms) = postSolution
		{77691830-D7DC-476A-AABA-39AA159F0936}.Debug|Any CPU.ActiveCfg = Debug|Any CPU
		{77691830-D7DC-476A-AABA-39AA159F0936}.Debug|Any CPU.Build.0 = Debug|Any CPU
		{77691830-D7DC-476A-AABA-39AA159F0936}.Debug|x64.ActiveCfg = Debug|Any CPU
		{77691830-D7DC-476A-AABA-39AA159F0936}.Debug|x64.Build.0 = Debug|Any CPU
		{77691830-D7DC-476A-AABA-39AA159F0936}.Debug|x86.ActiveCfg = Debug|Any CPU
		{77691830-D7DC-476A-AABA-39AA159F0936}.Debug|x86.Build.0 = Debug|Any CPU
		{77691830-D7DC-476A-AABA-39AA159F0936}.Release|Any CPU.ActiveCfg = Release|Any CPU
		{77691830-D7DC-476A-AABA-39AA159F0936}.Release|Any CPU.Build.0 = Release|Any CPU
		{77691830-D7DC-476A-AABA-39AA159F0936}.Release|x64.ActiveCfg = Release|Any CPU
		{77691830-D7DC-476A-AABA-39AA159F0936}.Release|x64.Build.0 = Release|Any CPU
		{77691830-D7DC-476A-AABA-39AA159F0936}.Release|x86.ActiveCfg = Release|Any CPU
		{77691830-D7DC-476A-AABA-39AA159F0936}.Release|x86.Build.0 = Release|Any CPU
		{4BFAC0BC-8DE6-4126-AA15-5A28CFEEC780}.Debug|Any CPU.ActiveCfg = Debug|Any CPU
		{4BFAC0BC-8DE6-4126-AA15-5A28CFEEC780}.Debug|Any CPU.Build.0 = Debug|Any CPU
		{4BFAC0BC-8DE6-4126-AA15-5A28CFEEC780}.Debug|x64.ActiveCfg = Debug|Any CPU
		{4BFAC0BC-8DE6-4126-AA15-5A28CFEEC780}.Debug|x64.Build.0 = Debug|Any CPU
		{4BFAC0BC-8DE6-4126-AA15-5A28CFEEC780}.Debug|x86.ActiveCfg = Debug|Any CPU
		{4BFAC0BC-8DE6-4126-AA15-5A28CFEEC780}.Debug|x86.Build.0 = Debug|Any CPU
		{4BFAC0BC-8DE6-4126-AA15-5A28CFEEC780}.Release|Any CPU.ActiveCfg = Release|Any CPU
		{4BFAC0BC-8DE6-4126-AA15-5A28CFEEC780}.Release|Any CPU.Build.0 = Release|Any CPU
		{4BFAC0BC-8DE6-4126-AA15-5A28CFEEC780}.Release|x64.ActiveCfg = Release|Any CPU
		{4BFAC0BC-8DE6-4126-AA15-5A28CFEEC780}.Release|x64.Build.0 = Release|Any CPU
		{4BFAC0BC-8DE6-4126-AA15-5A28CFEEC780}.Release|x86.ActiveCfg = Release|Any CPU
		{4BFAC0BC-8DE6-4126-AA15-5A28CFEEC780}.Release|x86.Build.0 = Release|Any CPU
		{239B6F68-8EDE-4FD8-9959-7971B67C1CE6}.Debug|Any CPU.ActiveCfg = Debug|Any CPU
		{239B6F68-8EDE-4FD8-9959-7971B67C1CE6}.Debug|Any CPU.Build.0 = Debug|Any CPU
		{239B6F68-8EDE-4FD8-9959-7971B67C1CE6}.Debug|x64.ActiveCfg = Debug|Any CPU
		{239B6F68-8EDE-4FD8-9959-7971B67C1CE6}.Debug|x64.Build.0 = Debug|Any CPU
		{239B6F68-8EDE-4FD8-9959-7971B67C1CE6}.Debug|x86.ActiveCfg = Debug|Any CPU
		{239B6F68-8EDE-4FD8-9959-7971B67C1CE6}.Debug|x86.Build.0 = Debug|Any CPU
		{239B6F68-8EDE-4FD8-9959-7971B67C1CE6}.Release|Any CPU.ActiveCfg = Release|Any CPU
		{239B6F68-8EDE-4FD8-9959-7971B67C1CE6}.Release|Any CPU.Build.0 = Release|Any CPU
		{239B6F68-8EDE-4FD8-9959-7971B67C1CE6}.Release|x64.ActiveCfg = Release|Any CPU
		{239B6F68-8EDE-4FD8-9959-7971B67C1CE6}.Release|x64.Build.0 = Release|Any CPU
		{239B6F68-8EDE-4FD8-9959-7971B67C1CE6}.Release|x86.ActiveCfg = Release|Any CPU
		{239B6F68-8EDE-4FD8-9959-7971B67C1CE6}.Release|x86.Build.0 = Release|Any CPU
		{50393269-5303-4B00-8065-CDD1632FB34F}.Debug|Any CPU.ActiveCfg = Debug|Any CPU
		{50393269-5303-4B00-8065-CDD1632FB34F}.Debug|Any CPU.Build.0 = Debug|Any CPU
		{50393269-5303-4B00-8065-CDD1632FB34F}.Debug|x64.ActiveCfg = Debug|Any CPU
		{50393269-5303-4B00-8065-CDD1632FB34F}.Debug|x64.Build.0 = Debug|Any CPU
		{50393269-5303-4B00-8065-CDD1632FB34F}.Debug|x86.ActiveCfg = Debug|Any CPU
		{50393269-5303-4B00-8065-CDD1632FB34F}.Debug|x86.Build.0 = Debug|Any CPU
		{50393269-5303-4B00-8065-CDD1632FB34F}.Release|Any CPU.ActiveCfg = Release|Any CPU
		{50393269-5303-4B00-8065-CDD1632FB34F}.Release|Any CPU.Build.0 = Release|Any CPU
		{50393269-5303-4B00-8065-CDD1632FB34F}.Release|x64.ActiveCfg = Release|Any CPU
		{50393269-5303-4B00-8065-CDD1632FB34F}.Release|x64.Build.0 = Release|Any CPU
		{50393269-5303-4B00-8065-CDD1632FB34F}.Release|x86.ActiveCfg = Release|Any CPU
		{50393269-5303-4B00-8065-CDD1632FB34F}.Release|x86.Build.0 = Release|Any CPU
	EndGlobalSection
	GlobalSection(SolutionProperties) = preSolution
		HideSolutionNode = FALSE
	EndGlobalSection
EndGlobal
